
Microsoft Visual Studio Solution File, Format Version 12.00
# Visual Studio Version 17
VisualStudioVersion = 17.11.35312.102
MinimumVisualStudioVersion = 10.0.40219.1
Project("{FAE04EC0-301F-11D3-BF4B-00C04F79EFBC}") = "dotnet_build_bug", "dotnet_build_bug\dotnet_build_bug.csproj", "{972CB0C2-2B89-4654-B4E6-C1E6547214E4}"
EndProject
Global
	GlobalSection(SolutionConfigurationPlatforms) = preSolution
		Debug|Any CPU = Debug|Any CPU
		Release|Any CPU = Release|Any CPU
	EndGlobalSection
	GlobalSection(ProjectConfigurationPlatforms) = postSolution
		{972CB0C2-2B89-4654-B4E6-C1E6547214E4}.Debug|Any CPU.ActiveCfg = Debug|Any CPU
		{972CB0C2-2B89-4654-B4E6-C1E6547214E4}.Debug|Any CPU.Build.0 = Debug|Any CPU
		{972CB0C2-2B89-4654-B4E6-C1E6547214E4}.Release|Any CPU.ActiveCfg = Release|Any CPU
		{972CB0C2-2B89-4654-B4E6-C1E6547214E4}.Release|Any CPU.Build.0 = Release|Any CPU
	EndGlobalSection
	GlobalSection(SolutionProperties) = preSolution
		HideSolutionNode = FALSE
	EndGlobalSection
	GlobalSection(ExtensibilityGlobals) = postSolution
		SolutionGuid = {8C0F6AD1-21EE-4F13-8E46-D3E68A6E85AD}
	EndGlobalSection
EndGlobal
